
Microsoft Visual Studio Solution File, Format Version 12.00
# Visual Studio Version 17
VisualStudioVersion = 17.14.36109.1 d17.14
MinimumVisualStudioVersion = 10.0.40219.1
Project("{FAE04EC0-301F-11D3-BF4B-00C04F79EFBC}") = "MC Mod Downloader", "MC Mod Downloader.csproj", "{0F646816-84B9-4948-BB60-F3ECD46E3537}"
EndProject
Global
	GlobalSection(SolutionConfigurationPlatforms) = preSolution
		Debug|Any CPU = Debug|Any CPU
		Release|Any CPU = Release|Any CPU
	EndGlobalSection
	GlobalSection(ProjectConfigurationPlatforms) = postSolution
		{0F646816-84B9-4948-BB60-F3ECD46E3537}.Debug|Any CPU.ActiveCfg = Debug|Any CPU
		{0F646816-84B9-4948-BB60-F3ECD46E3537}.Debug|Any CPU.Build.0 = Debug|Any CPU
		{0F646816-84B9-4948-BB60-F3ECD46E3537}.Release|Any CPU.ActiveCfg = Release|Any CPU
		{0F646816-84B9-4948-BB60-F3ECD46E3537}.Release|Any CPU.Build.0 = Release|Any CPU
	EndGlobalSection
	GlobalSection(SolutionProperties) = preSolution
		HideSolutionNode = FALSE
	EndGlobalSection
	GlobalSection(ExtensibilityGlobals) = postSolution
		SolutionGuid = {D89312CB-D333-48CE-B9FF-69E228BC0C76}
	EndGlobalSection
EndGlobal
